
Microsoft Visual Studio Solution File, Format Version 12.00
# Visual Studio Version 17
VisualStudioVersion = 17.8.34525.116
MinimumVisualStudioVersion = 10.0.40219.1
Project("{8BC9CEB8-8B4A-11D0-8D11-00A0C91BC942}") = "出生日期输入输出", "出生日期输入输出\出生日期输入输出.vcxproj", "{AF8497AA-CEDB-43B9-831E-786F2C3EBA23}"
EndProject
Global
	GlobalSection(SolutionConfigurationPlatforms) = preSolution
		Debug|x64 = Debug|x64
		Debug|x86 = Debug|x86
		Release|x64 = Release|x64
		Release|x86 = Release|x86
	EndGlobalSection
	GlobalSection(ProjectConfigurationPlatforms) = postSolution
		{AF8497AA-CEDB-43B9-831E-786F2C3EBA23}.Debug|x64.ActiveCfg = Debug|x64
		{AF8497AA-CEDB-43B9-831E-786F2C3EBA23}.Debug|x64.Build.0 = Debug|x64
		{AF8497AA-CEDB-43B9-831E-786F2C3EBA23}.Debug|x86.ActiveCfg = Debug|Win32
		{AF8497AA-CEDB-43B9-831E-786F2C3EBA23}.Debug|x86.Build.0 = Debug|Win32
		{AF8497AA-CEDB-43B9-831E-786F2C3EBA23}.Release|x64.ActiveCfg = Release|x64
		{AF8497AA-CEDB-43B9-831E-786F2C3EBA23}.Release|x64.Build.0 = Release|x64
		{AF8497AA-CEDB-43B9-831E-786F2C3EBA23}.Release|x86.ActiveCfg = Release|Win32
		{AF8497AA-CEDB-43B9-831E-786F2C3EBA23}.Release|x86.Build.0 = Release|Win32
	EndGlobalSection
	GlobalSection(SolutionProperties) = preSolution
		HideSolutionNode = FALSE
	EndGlobalSection
	GlobalSection(ExtensibilityGlobals) = postSolution
		SolutionGuid = {7A1FBD7D-69C6-45A3-9874-CF62423D73CD}
	EndGlobalSection
EndGlobal
