
Microsoft Visual Studio Solution File, Format Version 12.00
# Visual Studio Version 17
VisualStudioVersion = 17.8.34525.116
MinimumVisualStudioVersion = 10.0.40219.1
Project("{8BC9CEB8-8B4A-11D0-8D11-00A0C91BC942}") = "猜数字", "猜数字\猜数字.vcxproj", "{84A43221-9C05-40E1-8EEC-B6E2EB8BF587}"
EndProject
Global
	GlobalSection(SolutionConfigurationPlatforms) = preSolution
		Debug|x64 = Debug|x64
		Debug|x86 = Debug|x86
		Release|x64 = Release|x64
		Release|x86 = Release|x86
	EndGlobalSection
	GlobalSection(ProjectConfigurationPlatforms) = postSolution
		{84A43221-9C05-40E1-8EEC-B6E2EB8BF587}.Debug|x64.ActiveCfg = Debug|x64
		{84A43221-9C05-40E1-8EEC-B6E2EB8BF587}.Debug|x64.Build.0 = Debug|x64
		{84A43221-9C05-40E1-8EEC-B6E2EB8BF587}.Debug|x86.ActiveCfg = Debug|Win32
		{84A43221-9C05-40E1-8EEC-B6E2EB8BF587}.Debug|x86.Build.0 = Debug|Win32
		{84A43221-9C05-40E1-8EEC-B6E2EB8BF587}.Release|x64.ActiveCfg = Release|x64
		{84A43221-9C05-40E1-8EEC-B6E2EB8BF587}.Release|x64.Build.0 = Release|x64
		{84A43221-9C05-40E1-8EEC-B6E2EB8BF587}.Release|x86.ActiveCfg = Release|Win32
		{84A43221-9C05-40E1-8EEC-B6E2EB8BF587}.Release|x86.Build.0 = Release|Win32
	EndGlobalSection
	GlobalSection(SolutionProperties) = preSolution
		HideSolutionNode = FALSE
	EndGlobalSection
	GlobalSection(ExtensibilityGlobals) = postSolution
		SolutionGuid = {90FE72E5-C3D4-4830-8C78-142A5F764715}
	EndGlobalSection
EndGlobal
