
Microsoft Visual Studio Solution File, Format Version 12.00
# Visual Studio Version 17
VisualStudioVersion = 17.8.34408.163
MinimumVisualStudioVersion = 10.0.40219.1
Project("{8BC9CEB8-8B4A-11D0-8D11-00A0C91BC942}") = "test.c", "test.c\test.c.vcxproj", "{84DB719A-33BB-47E7-A048-B1E49411B65B}"
EndProject
Global
	GlobalSection(SolutionConfigurationPlatforms) = preSolution
		Debug|x64 = Debug|x64
		Debug|x86 = Debug|x86
		Release|x64 = Release|x64
		Release|x86 = Release|x86
	EndGlobalSection
	GlobalSection(ProjectConfigurationPlatforms) = postSolution
		{84DB719A-33BB-47E7-A048-B1E49411B65B}.Debug|x64.ActiveCfg = Debug|x64
		{84DB719A-33BB-47E7-A048-B1E49411B65B}.Debug|x64.Build.0 = Debug|x64
		{84DB719A-33BB-47E7-A048-B1E49411B65B}.Debug|x86.ActiveCfg = Debug|Win32
		{84DB719A-33BB-47E7-A048-B1E49411B65B}.Debug|x86.Build.0 = Debug|Win32
		{84DB719A-33BB-47E7-A048-B1E49411B65B}.Release|x64.ActiveCfg = Release|x64
		{84DB719A-33BB-47E7-A048-B1E49411B65B}.Release|x64.Build.0 = Release|x64
		{84DB719A-33BB-47E7-A048-B1E49411B65B}.Release|x86.ActiveCfg = Release|Win32
		{84DB719A-33BB-47E7-A048-B1E49411B65B}.Release|x86.Build.0 = Release|Win32
	EndGlobalSection
	GlobalSection(SolutionProperties) = preSolution
		HideSolutionNode = FALSE
	EndGlobalSection
	GlobalSection(ExtensibilityGlobals) = postSolution
		SolutionGuid = {23767242-ABB4-4FD7-B9A5-867D4DF01E6E}
	EndGlobalSection
EndGlobal
