
Microsoft Visual Studio Solution File, Format Version 12.00
# Visual Studio Version 17
VisualStudioVersion = 17.8.34408.163
MinimumVisualStudioVersion = 10.0.40219.1
Project("{8BC9CEB8-8B4A-11D0-8D11-00A0C91BC942}") = "主函数", "主函数\主函数.vcxproj", "{A7ECD9D8-F02F-4E93-8296-04520DACC685}"
EndProject
Global
	GlobalSection(SolutionConfigurationPlatforms) = preSolution
		Debug|x64 = Debug|x64
		Debug|x86 = Debug|x86
		Release|x64 = Release|x64
		Release|x86 = Release|x86
	EndGlobalSection
	GlobalSection(ProjectConfigurationPlatforms) = postSolution
		{A7ECD9D8-F02F-4E93-8296-04520DACC685}.Debug|x64.ActiveCfg = Debug|x64
		{A7ECD9D8-F02F-4E93-8296-04520DACC685}.Debug|x64.Build.0 = Debug|x64
		{A7ECD9D8-F02F-4E93-8296-04520DACC685}.Debug|x86.ActiveCfg = Debug|Win32
		{A7ECD9D8-F02F-4E93-8296-04520DACC685}.Debug|x86.Build.0 = Debug|Win32
		{A7ECD9D8-F02F-4E93-8296-04520DACC685}.Release|x64.ActiveCfg = Release|x64
		{A7ECD9D8-F02F-4E93-8296-04520DACC685}.Release|x64.Build.0 = Release|x64
		{A7ECD9D8-F02F-4E93-8296-04520DACC685}.Release|x86.ActiveCfg = Release|Win32
		{A7ECD9D8-F02F-4E93-8296-04520DACC685}.Release|x86.Build.0 = Release|Win32
	EndGlobalSection
	GlobalSection(SolutionProperties) = preSolution
		HideSolutionNode = FALSE
	EndGlobalSection
	GlobalSection(ExtensibilityGlobals) = postSolution
		SolutionGuid = {6AB0E946-B78B-4F57-A905-F9E5AA92072E}
	EndGlobalSection
EndGlobal
